
Microsoft Visual Studio Solution File, Format Version 12.00
# Visual Studio 15
VisualStudioVersion = 15.0.27428.2015
MinimumVisualStudioVersion = 10.0.40219.1
Project("{FAE04EC0-301F-11D3-BF4B-00C04F79EFBC}") = "Ex_Basico", "Ex_Basico\Ex_Basico.csproj", "{AD631B69-CD0C-4D70-866A-D8921E023D80}"
EndProject
Project("{FAE04EC0-301F-11D3-BF4B-00C04F79EFBC}") = "Ex_Complexo", "Ex_Complexo\Ex_Complexo.csproj", "{FBB7C263-AE80-4B80-AB14-E71D67CFABE0}"
EndProject
Project("{FAE04EC0-301F-11D3-BF4B-00C04F79EFBC}") = "Pratica", "Pratica\Pratica.csproj", "{16D504E6-D676-4155-B57E-D8EAD489C8EB}"
EndProject
Global
	GlobalSection(SolutionConfigurationPlatforms) = preSolution
		Debug|Any CPU = Debug|Any CPU
		Release|Any CPU = Release|Any CPU
	EndGlobalSection
	GlobalSection(ProjectConfigurationPlatforms) = postSolution
		{AD631B69-CD0C-4D70-866A-D8921E023D80}.Debug|Any CPU.ActiveCfg = Debug|Any CPU
		{AD631B69-CD0C-4D70-866A-D8921E023D80}.Debug|Any CPU.Build.0 = Debug|Any CPU
		{AD631B69-CD0C-4D70-866A-D8921E023D80}.Release|Any CPU.ActiveCfg = Release|Any CPU
		{AD631B69-CD0C-4D70-866A-D8921E023D80}.Release|Any CPU.Build.0 = Release|Any CPU
		{FBB7C263-AE80-4B80-AB14-E71D67CFABE0}.Debug|Any CPU.ActiveCfg = Debug|Any CPU
		{FBB7C263-AE80-4B80-AB14-E71D67CFABE0}.Debug|Any CPU.Build.0 = Debug|Any CPU
		{FBB7C263-AE80-4B80-AB14-E71D67CFABE0}.Release|Any CPU.ActiveCfg = Release|Any CPU
		{FBB7C263-AE80-4B80-AB14-E71D67CFABE0}.Release|Any CPU.Build.0 = Release|Any CPU
		{16D504E6-D676-4155-B57E-D8EAD489C8EB}.Debug|Any CPU.ActiveCfg = Debug|Any CPU
		{16D504E6-D676-4155-B57E-D8EAD489C8EB}.Debug|Any CPU.Build.0 = Debug|Any CPU
		{16D504E6-D676-4155-B57E-D8EAD489C8EB}.Release|Any CPU.ActiveCfg = Release|Any CPU
		{16D504E6-D676-4155-B57E-D8EAD489C8EB}.Release|Any CPU.Build.0 = Release|Any CPU
	EndGlobalSection
	GlobalSection(SolutionProperties) = preSolution
		HideSolutionNode = FALSE
	EndGlobalSection
	GlobalSection(ExtensibilityGlobals) = postSolution
		SolutionGuid = {D1EBD540-D37C-45A6-A8E2-9B7DC006824D}
	EndGlobalSection
EndGlobal
