
Microsoft Visual Studio Solution File, Format Version 12.00
# Visual Studio 15
VisualStudioVersion = 15.0.27428.2015
MinimumVisualStudioVersion = 10.0.40219.1
Project("{FAE04EC0-301F-11D3-BF4B-00C04F79EFBC}") = "Ex_01", "Modularização\Ex_01.csproj", "{B80C5932-EE18-403D-BBCB-4FFB7DAC4962}"
EndProject
Project("{FAE04EC0-301F-11D3-BF4B-00C04F79EFBC}") = "Ex_02", "Ex_02\Ex_02.csproj", "{31079AFF-D2BA-4B6E-BC59-2A52156E48F8}"
EndProject
Project("{FAE04EC0-301F-11D3-BF4B-00C04F79EFBC}") = "EX_03", "EX_03\EX_03.csproj", "{BF72E970-D5E9-426F-BA66-4FB74DC2FC18}"
EndProject
Project("{FAE04EC0-301F-11D3-BF4B-00C04F79EFBC}") = "Ex_04", "Ex_04\Ex_04.csproj", "{D5020519-B28C-4E91-B885-9AA75887C8B5}"
EndProject
Project("{FAE04EC0-301F-11D3-BF4B-00C04F79EFBC}") = "Ex_05", "Ex_05\Ex_05.csproj", "{DFEB5271-BD7E-4FFF-A43A-F10B6F0D2B85}"
EndProject
Project("{FAE04EC0-301F-11D3-BF4B-00C04F79EFBC}") = "Ex_06", "Ex\Ex_06.csproj", "{A8D3520A-F46B-4828-A97E-7DD4420D5CF5}"
EndProject
Project("{FAE04EC0-301F-11D3-BF4B-00C04F79EFBC}") = "Ex_07", "Ex_07\Ex_07.csproj", "{6919EFFC-415A-440C-8590-DE06A476C286}"
EndProject
Project("{FAE04EC0-301F-11D3-BF4B-00C04F79EFBC}") = "Ex_08", "Ex_08\Ex_08.csproj", "{52AD4995-AAF5-4E67-88F3-9B5D7450ABE7}"
EndProject
Project("{FAE04EC0-301F-11D3-BF4B-00C04F79EFBC}") = "Ex_09", "Ex_09\Ex_09.csproj", "{5B9D3921-BE5E-47F8-AD1E-DDD6EAE9B977}"
EndProject
Project("{FAE04EC0-301F-11D3-BF4B-00C04F79EFBC}") = "Q01", "Q01\Q01.csproj", "{E2B200A0-747C-4B19-A3DF-DD188F8B7309}"
EndProject
Project("{FAE04EC0-301F-11D3-BF4B-00C04F79EFBC}") = "Q02", "Q02\Q02.csproj", "{69B022E2-AF0D-45E7-A9D6-D62CFADE4FBF}"
EndProject
Global
	GlobalSection(SolutionConfigurationPlatforms) = preSolution
		Debug|Any CPU = Debug|Any CPU
		Release|Any CPU = Release|Any CPU
	EndGlobalSection
	GlobalSection(ProjectConfigurationPlatforms) = postSolution
		{B80C5932-EE18-403D-BBCB-4FFB7DAC4962}.Debug|Any CPU.ActiveCfg = Debug|Any CPU
		{B80C5932-EE18-403D-BBCB-4FFB7DAC4962}.Debug|Any CPU.Build.0 = Debug|Any CPU
		{B80C5932-EE18-403D-BBCB-4FFB7DAC4962}.Release|Any CPU.ActiveCfg = Release|Any CPU
		{B80C5932-EE18-403D-BBCB-4FFB7DAC4962}.Release|Any CPU.Build.0 = Release|Any CPU
		{31079AFF-D2BA-4B6E-BC59-2A52156E48F8}.Debug|Any CPU.ActiveCfg = Debug|Any CPU
		{31079AFF-D2BA-4B6E-BC59-2A52156E48F8}.Debug|Any CPU.Build.0 = Debug|Any CPU
		{31079AFF-D2BA-4B6E-BC59-2A52156E48F8}.Release|Any CPU.ActiveCfg = Release|Any CPU
		{31079AFF-D2BA-4B6E-BC59-2A52156E48F8}.Release|Any CPU.Build.0 = Release|Any CPU
		{BF72E970-D5E9-426F-BA66-4FB74DC2FC18}.Debug|Any CPU.ActiveCfg = Debug|Any CPU
		{BF72E970-D5E9-426F-BA66-4FB74DC2FC18}.Debug|Any CPU.Build.0 = Debug|Any CPU
		{BF72E970-D5E9-426F-BA66-4FB74DC2FC18}.Release|Any CPU.ActiveCfg = Release|Any CPU
		{BF72E970-D5E9-426F-BA66-4FB74DC2FC18}.Release|Any CPU.Build.0 = Release|Any CPU
		{D5020519-B28C-4E91-B885-9AA75887C8B5}.Debug|Any CPU.ActiveCfg = Debug|Any CPU
		{D5020519-B28C-4E91-B885-9AA75887C8B5}.Debug|Any CPU.Build.0 = Debug|Any CPU
		{D5020519-B28C-4E91-B885-9AA75887C8B5}.Release|Any CPU.ActiveCfg = Release|Any CPU
		{D5020519-B28C-4E91-B885-9AA75887C8B5}.Release|Any CPU.Build.0 = Release|Any CPU
		{DFEB5271-BD7E-4FFF-A43A-F10B6F0D2B85}.Debug|Any CPU.ActiveCfg = Debug|Any CPU
		{DFEB5271-BD7E-4FFF-A43A-F10B6F0D2B85}.Debug|Any CPU.Build.0 = Debug|Any CPU
		{DFEB5271-BD7E-4FFF-A43A-F10B6F0D2B85}.Release|Any CPU.ActiveCfg = Release|Any CPU
		{DFEB5271-BD7E-4FFF-A43A-F10B6F0D2B85}.Release|Any CPU.Build.0 = Release|Any CPU
		{A8D3520A-F46B-4828-A97E-7DD4420D5CF5}.Debug|Any CPU.ActiveCfg = Debug|Any CPU
		{A8D3520A-F46B-4828-A97E-7DD4420D5CF5}.Debug|Any CPU.Build.0 = Debug|Any CPU
		{A8D3520A-F46B-4828-A97E-7DD4420D5CF5}.Release|Any CPU.ActiveCfg = Release|Any CPU
		{A8D3520A-F46B-4828-A97E-7DD4420D5CF5}.Release|Any CPU.Build.0 = Release|Any CPU
		{6919EFFC-415A-440C-8590-DE06A476C286}.Debug|Any CPU.ActiveCfg = Debug|Any CPU
		{6919EFFC-415A-440C-8590-DE06A476C286}.Debug|Any CPU.Build.0 = Debug|Any CPU
		{6919EFFC-415A-440C-8590-DE06A476C286}.Release|Any CPU.ActiveCfg = Release|Any CPU
		{6919EFFC-415A-440C-8590-DE06A476C286}.Release|Any CPU.Build.0 = Release|Any CPU
		{52AD4995-AAF5-4E67-88F3-9B5D7450ABE7}.Debug|Any CPU.ActiveCfg = Debug|Any CPU
		{52AD4995-AAF5-4E67-88F3-9B5D7450ABE7}.Debug|Any CPU.Build.0 = Debug|Any CPU
		{52AD4995-AAF5-4E67-88F3-9B5D7450ABE7}.Release|Any CPU.ActiveCfg = Release|Any CPU
		{52AD4995-AAF5-4E67-88F3-9B5D7450ABE7}.Release|Any CPU.Build.0 = Release|Any CPU
		{5B9D3921-BE5E-47F8-AD1E-DDD6EAE9B977}.Debug|Any CPU.ActiveCfg = Debug|Any CPU
		{5B9D3921-BE5E-47F8-AD1E-DDD6EAE9B977}.Debug|Any CPU.Build.0 = Debug|Any CPU
		{5B9D3921-BE5E-47F8-AD1E-DDD6EAE9B977}.Release|Any CPU.ActiveCfg = Release|Any CPU
		{5B9D3921-BE5E-47F8-AD1E-DDD6EAE9B977}.Release|Any CPU.Build.0 = Release|Any CPU
		{E2B200A0-747C-4B19-A3DF-DD188F8B7309}.Debug|Any CPU.ActiveCfg = Debug|Any CPU
		{E2B200A0-747C-4B19-A3DF-DD188F8B7309}.Debug|Any CPU.Build.0 = Debug|Any CPU
		{E2B200A0-747C-4B19-A3DF-DD188F8B7309}.Release|Any CPU.ActiveCfg = Release|Any CPU
		{E2B200A0-747C-4B19-A3DF-DD188F8B7309}.Release|Any CPU.Build.0 = Release|Any CPU
		{69B022E2-AF0D-45E7-A9D6-D62CFADE4FBF}.Debug|Any CPU.ActiveCfg = Debug|Any CPU
		{69B022E2-AF0D-45E7-A9D6-D62CFADE4FBF}.Debug|Any CPU.Build.0 = Debug|Any CPU
		{69B022E2-AF0D-45E7-A9D6-D62CFADE4FBF}.Release|Any CPU.ActiveCfg = Release|Any CPU
		{69B022E2-AF0D-45E7-A9D6-D62CFADE4FBF}.Release|Any CPU.Build.0 = Release|Any CPU
	EndGlobalSection
	GlobalSection(SolutionProperties) = preSolution
		HideSolutionNode = FALSE
	EndGlobalSection
	GlobalSection(ExtensibilityGlobals) = postSolution
		SolutionGuid = {4773D917-452A-4E5E-BCB2-BB1D678E7588}
	EndGlobalSection
EndGlobal
